
Microsoft Visual Studio Solution File, Format Version 12.00
# Visual Studio Version 17
VisualStudioVersion = 17.5.33424.131
MinimumVisualStudioVersion = 10.0.40219.1
Project("{FAE04EC0-301F-11D3-BF4B-00C04F79EFBC}") = "ConsoleAppStudy1", "ConsoleAppStudy1.csproj", "{F1AFF106-EFA6-4763-8195-D33B391972DD}"
EndProject
Global
	GlobalSection(SolutionConfigurationPlatforms) = preSolution
		Debug|Any CPU = Debug|Any CPU
		Release|Any CPU = Release|Any CPU
	EndGlobalSection
	GlobalSection(ProjectConfigurationPlatforms) = postSolution
		{F1AFF106-EFA6-4763-8195-D33B391972DD}.Debug|Any CPU.ActiveCfg = Debug|Any CPU
		{F1AFF106-EFA6-4763-8195-D33B391972DD}.Debug|Any CPU.Build.0 = Debug|Any CPU
		{F1AFF106-EFA6-4763-8195-D33B391972DD}.Release|Any CPU.ActiveCfg = Release|Any CPU
		{F1AFF106-EFA6-4763-8195-D33B391972DD}.Release|Any CPU.Build.0 = Release|Any CPU
	EndGlobalSection
	GlobalSection(SolutionProperties) = preSolution
		HideSolutionNode = FALSE
	EndGlobalSection
	GlobalSection(ExtensibilityGlobals) = postSolution
		SolutionGuid = {BF6A2238-B835-4BA2-AB22-0F452D689522}
	EndGlobalSection
EndGlobal
